// !$*UTF8*$!
{
	archiveVersion = 1;
	classes = {
	};
	objectVersion = 46;
	objects = {

/* Begin PBXBuildFile section */
		DC12AAF31E5D24FC0047BF86 /* AppDelegate.swift in Sources */ = {isa = PBXBuildFile; fileRef = DC12AAF21E5D24FC0047BF86 /* AppDelegate.swift */; };
		DC12AAF51E5D24FC0047BF86 /* ViewController.swift in Sources */ = {isa = PBXBuildFile; fileRef = DC12AAF41E5D24FC0047BF86 /* ViewController.swift */; };
		DC12AAF81E5D24FC0047BF86 /* Main.storyboard in Resources */ = {isa = PBXBuildFile; fileRef = DC12AAF61E5D24FC0047BF86 /* Main.storyboard */; };
		DC12AAFA1E5D24FC0047BF86 /* Assets.xcassets in Resources */ = {isa = PBXBuildFile; fileRef = DC12AAF91E5D24FC0047BF86 /* Assets.xcassets */; };
		DC12AAFD1E5D24FC0047BF86 /* LaunchScreen.storyboard in Resources */ = {isa = PBXBuildFile; fileRef = DC12AAFB1E5D24FC0047BF86 /* LaunchScreen.storyboard */; };
		DC2A05491E5D82E400E0B9AE /* CalculatorBrain.swift in Sources */ = {isa = PBXBuildFile; fileRef = DC2A05481E5D82E400E0B9AE /* CalculatorBrain.swift */; };
/* End PBXBuildFile section */

/* Begin PBXFileReference section */
		DC12AAEF1E5D24FC0047BF86 /* Calculator.app */ = {isa = PBXFileReference; explicitFileType = wrapper.application; includeInIndex = 0; path = Calculator.app; sourceTree = BUILT_PRODUCTS_DIR; };
		DC12AAF21E5D24FC0047BF86 /* AppDelegate.swift */ = {isa = PBXFileReference; lastKnownFileType = sourcecode.swift; path = AppDelegate.swift; sourceTree = "<group>"; };
		DC12AAF41E5D24FC0047BF86 /* ViewController.swift */ = {isa = PBXFileReference; lastKnownFileType = sourcecode.swift; path = ViewController.swift; sourceTree = "<group>"; };
		DC12AAF71E5D24FC0047BF86 /* Base */ = {isa = PBXFileReference; lastKnownFileType = file.storyboard; name = Base; path = Base.lproj/Main.storyboard; sourceTree = "<group>"; };
		DC12AAF91E5D24FC0047BF86 /* Assets.xcassets */ = {isa = PBXFileReference; lastKnownFileType = folder.assetcatalog; path = Assets.xcassets; sourceTree = "<group>"; };
		DC12AAFC1E5D24FC0047BF86 /* Base */ = {isa = PBXFileReference; lastKnownFileType = file.storyboard; name = Base; path = Base.lproj/LaunchScreen.storyboard; sourceTree = "<group>"; };
		DC12AAFE1E5D24FC0047BF86 /* Info.plist */ = {isa = PBXFileReference; lastKnownFileType = text.plist.xml; path = Info.plist; sourceTree = "<group>"; };
		DC2A05481E5D82E400E0B9AE /* CalculatorBrain.swift */ = {isa = PBXFileReference; fileEncoding = 4; lastKnownFileType = sourcecode.swift; name = CalculatorBrain.swift; path = Calculator/CalculatorBrain.swift; sourceTree = "<group>"; };
/* End PBXFileReference section */

/* Begin PBXFrameworksBuildPhase section */
		DC12AAEC1E5D24FB0047BF86 /* Frameworks */ = {
			isa = PBXFrameworksBuildPhase;
			buildActionMask = 2147483647;
			files = (
			);
			runOnlyForDeploymentPostprocessing = 0;
		};
/* End PBXFrameworksBuildPhase section */

/* Begin PBXGroup section */
		DC12AAE61E5D24FB0047BF86 = {
			isa = PBXGroup;
			children = (
				DC2A05481E5D82E400E0B9AE /* CalculatorBrain.swift */,
				DC12AAF11E5D24FC0047BF86 /* Calculator */,
				DC12AAF01E5D24FC0047BF86 /* Products */,
			);
			sourceTree = "<group>";
		};
		DC12AAF01E5D24FC0047BF86 /* Products */ = {
			isa = PBXGroup;
			children = (
				DC12AAEF1E5D24FC0047BF86 /* Calculator.app */,
			);
			name = Products;
			sourceTree = "<group>";
		};
		DC12AAF11E5D24FC0047BF86 /* Calculator */ = {
			isa = PBXGroup;
			children = (
				DC12AAF41E5D24FC0047BF86 /* ViewController.swift */,
				DC12AAF61E5D24FC0047BF86 /* Main.storyboard */,
				DC12AB041E5D267E0047BF86 /* Supporting Files */,
			);
			path = Calculator;
			sourceTree = "<group>";
		};
		DC12AB041E5D267E0047BF86 /* Supporting Files */ = {
			isa = PBXGroup;
			children = (
				DC12AAF21E5D24FC0047BF86 /* AppDelegate.swift */,
				DC12AAF91E5D24FC0047BF86 /* Assets.xcassets */,
				DC12AAFB1E5D24FC0047BF86 /* LaunchScreen.storyboard */,
				DC12AAFE1E5D24FC0047BF86 /* Info.plist */,
			);
			name = "Supporting Files";
			sourceTree = "<group>";
		};
/* End PBXGroup section */

/* Begin PBXNativeTarget section */
		DC12AAEE1E5D24FB0047BF86 /* Calculator */ = {
			isa = PBXNativeTarget;
			buildConfigurationList = DC12AB011E5D24FC0047BF86 /* Build configuration list for PBXNativeTarget "Calculator" */;
			buildPhases = (
				DC12AAEB1E5D24FB0047BF86 /* Sources */,
				DC12AAEC1E5D24FB0047BF86 /* Frameworks */,
				DC12AAED1E5D24FB0047BF86 /* Resources */,
			);
			buildRules = (
			);
			dependencies = (
			);
			name = Calculator;
			productName = Calculator;
			productReference = DC12AAEF1E5D24FC0047BF86 /* Calculator.app */;
			productType = "com.apple.product-type.application";
		};
/* End PBXNativeTarget section */

/* Begin PBXProject section */
		DC12AAE71E5D24FB0047BF86 /* Project object */ = {
			isa = PBXProject;
			attributes = {
				LastSwiftUpdateCheck = 0820;
				LastUpgradeCheck = 0820;
				ORGANIZATIONNAME = "Jing Gao";
				TargetAttributes = {
					DC12AAEE1E5D24FB0047BF86 = {
						CreatedOnToolsVersion = 8.2.1;
						DevelopmentTeam = 36T8EM67R4;
						ProvisioningStyle = Automatic;
					};
				};
			};
			buildConfigurationList = DC12AAEA1E5D24FB0047BF86 /* Build configuration list for PBXProject "Calculator" */;
			compatibilityVersion = "Xcode 3.2";
			developmentRegion = English;
			hasScannedForEncodings = 0;
			knownRegions = (
				en,
				Base,
			);
			mainGroup = DC12AAE61E5D24FB0047BF86;
			productRefGroup = DC12AAF01E5D24FC0047BF86 /* Products */;
			projectDirPath = "";
			projectRoot = "";
			targets = (
				DC12AAEE1E5D24FB0047BF86 /* Calculator */,
			);
		};
/* End PBXProject section */

/* Begin PBXResourcesBuildPhase section */
		DC12AAED1E5D24FB0047BF86 /* Resources */ = {
			isa = PBXResourcesBuildPhase;
			buildActionMask = 2147483647;
			files = (
				DC12AAFD1E5D24FC0047BF86 /* LaunchScreen.storyboard in Resources */,
				DC12AAFA1E5D24FC0047BF86 /* Assets.xcassets in Resources */,
				DC12AAF81E5D24FC0047BF86 /* Main.storyboard in Resources */,
			);
			runOnlyForDeploymentPostprocessing = 0;
		};
/* End PBXResourcesBuildPhase section */

/* Begin PBXSourcesBuildPhase section */
		DC12AAEB1E5D24FB0047BF86 /* Sources */ = {
			isa = PBXSourcesBuildPhase;
			buildActionMask = 2147483647;
			files = (
				DC2A05491E5D82E400E0B9AE /* CalculatorBrain.swift in Sources */,
				DC12AAF51E5D24FC0047BF86 /* ViewController.swift in Sources */,
				DC12AAF31E5D24FC0047BF86 /* AppDelegate.swift in Sources */,
			);
			runOnlyForDeploymentPostprocessing = 0;
		};
/* End PBXSourcesBuildPhase section */

/* Begin PBXVariantGroup section */
		DC12AAF61E5D24FC0047BF86 /* Main.storyboard */ = {
			isa = PBXVariantGroup;
			children = (
				DC12AAF71E5D24FC0047BF86 /* Base */,
			);
			name = Main.storyboard;
			sourceTree = "<group>";
		};
		DC12AAFB1E5D24FC0047BF86 /* LaunchScreen.storyboard */ = {
			isa = PBXVariantGroup;
			children = (
				DC12AAFC1E5D24FC0047BF86 /* Base */,
			);
			name = LaunchScreen.storyboard;
			sourceTree = "<group>";
		};
/* End PBXVariantGroup section */

/* Begin XCBuildConfiguration section */
		DC12AAFF1E5D24FC0047BF86 /* Debug */ = {
			isa = XCBuildConfiguration;
			buildSettings = {
				ALWAYS_SEARCH_USER_PATHS = NO;
				CLANG_ANALYZER_NONNULL = YES;
				CLANG_CXX_LANGUAGE_STANDARD = "gnu++0x";
				CLANG_CXX_LIBRARY = "libc++";
				CLANG_ENABLE_MODULES = YES;
				CLANG_ENABLE_OBJC_ARC = YES;
				CLANG_WARN_BOOL_CONVERSION = YES;
				CLANG_WARN_CONSTANT_CONVERSION = YES;
				CLANG_WARN_DIRECT_OBJC_ISA_USAGE = YES_ERROR;
				CLANG_WARN_DOCUMENTATION_COMMENTS = YES;
				CLANG_WARN_EMPTY_BODY = YES;
				CLANG_WARN_ENUM_CONVERSION = YES;
				CLANG_WARN_INFINITE_RECURSION = YES;
				CLANG_WARN_INT_CONVERSION = YES;
				CLANG_WARN_OBJC_ROOT_CLASS = YES_ERROR;
				CLANG_WARN_SUSPICIOUS_MOVE = YES;
				CLANG_WARN_UNREACHABLE_CODE = YES;
				CLANG_WARN__DUPLICATE_METHOD_MATCH = YES;
				"CODE_SIGN_IDENTITY[sdk=iphoneos*]" = "iPhone Developer";
				COPY_PHASE_STRIP = NO;
				DEBUG_INFORMATION_FORMAT = dwarf;
				ENABLE_STRICT_OBJC_MSGSEND = YES;
				ENABLE_TESTABILITY = YES;
				GCC_C_LANGUAGE_STANDARD = gnu99;
				GCC_DYNAMIC_NO_PIC = NO;
				GCC_NO_COMMON_BLOCKS = YES;
				GCC_OPTIMIZATION_LEVEL = 0;
				GCC_PREPROCESSOR_DEFINITIONS = (
					"DEBUG=1",
					"$(inherited)",
				);
				GCC_WARN_64_TO_32_BIT_CONVERSION = YES;
				GCC_WARN_ABOUT_RETURN_TYPE = YES_ERROR;
				GCC_WARN_UNDECLARED_SELECTOR = YES;
				GCC_WARN_UNINITIALIZED_AUTOS = YES_AGGRESSIVE;
				GCC_WARN_UNUSED_FUNCTION = YES;
				GCC_WARN_UNUSED_VARIABLE = YES;
				IPHONEOS_DEPLOYMENT_TARGET = 10.2;
				MTL_ENABLE_DEBUG_INFO = YES;
				ONLY_ACTIVE_ARCH = YES;
				SDKROOT = iphoneos;
				SWIFT_ACTIVE_COMPILATION_CONDITIONS = DEBUG;
				SWIFT_OPTIMIZATION_LEVEL = "-Onone";
			};
			name = Debug;
		};
		DC12AB001E5D24FC0047BF86 /* Release */ = {
			isa = XCBuildConfiguration;
			buildSettings = {
				ALWAYS_SEARCH_USER_PATHS = NO;
				CLANG_ANALYZER_NONNULL = YES;
				CLANG_CXX_LANGUAGE_STANDARD = "gnu++0x";
				CLANG_CXX_LIBRARY = "libc++";
				CLANG_ENABLE_MODULES = YES;
				CLANG_ENABLE_OBJC_ARC = YES;
				CLANG_WARN_BOOL_CONVERSION = YES;
				CLANG_WARN_CONSTANT_CONVERSION = YES;
				CLANG_WARN_DIRECT_OBJC_ISA_USAGE = YES_ERROR;
				CLANG_WARN_DOCUMENTATION_COMMENTS = YES;
				CLANG_WARN_EMPTY_BODY = YES;
				CLANG_WARN_ENUM_CONVERSION = YES;
				CLANG_WARN_INFINITE_RECURSION = YES;
				CLANG_WARN_INT_CONVERSION = YES;
				CLANG_WARN_OBJC_ROOT_CLASS = YES_ERROR;
				CLANG_WARN_SUSPICIOUS_MOVE = YES;
				CLANG_WARN_UNREACHABLE_CODE = YES;
				CLANG_WARN__DUPLICATE_METHOD_MATCH = YES;
				"CODE_SIGN_IDENTITY[sdk=iphoneos*]" = "iPhone Developer";
				COPY_PHASE_STRIP = NO;
				DEBUG_INFORMATION_FORMAT = "dwarf-with-dsym";
				ENABLE_NS_ASSERTIONS = NO;
				ENABLE_STRICT_OBJC_MSGSEND = YES;
				GCC_C_LANGUAGE_STANDARD = gnu99;
				GCC_NO_COMMON_BLOCKS = YES;
				GCC_WARN_64_TO_32_BIT_CONVERSION = YES;
				GCC_WARN_ABOUT_RETURN_TYPE = YES_ERROR;
				GCC_WARN_UNDECLARED_SELECTOR = YES;
				GCC_WARN_UNINITIALIZED_AUTOS = YES_AGGRESSIVE;
				GCC_WARN_UNUSED_FUNCTION = YES;
				GCC_WARN_UNUSED_VARIABLE = YES;
				IPHONEOS_DEPLOYMENT_TARGET = 10.2;
				MTL_ENABLE_DEBUG_INFO = NO;
				SDKROOT = iphoneos;
				SWIFT_OPTIMIZATION_LEVEL = "-Owholemodule";
				VALIDATE_PRODUCT = YES;
			};
			name = Release;
		};
		DC12AB021E5D24FC0047BF86 /* Debug */ = {
			isa = XCBuildConfiguration;
			buildSettings = {
				ASSETCATALOG_COMPILER_APPICON_NAME = AppIcon;
				DEVELOPMENT_TEAM = 36T8EM67R4;
				INFOPLIST_FILE = Calculator/Info.plist;
				LD_RUNPATH_SEARCH_PATHS = "$(inherited) @executable_path/Frameworks";
				PRODUCT_BUNDLE_IDENTIFIER = com.jinggao.Calculator;
				PRODUCT_NAME = "$(TARGET_NAME)";
				SWIFT_VERSION = 3.0;
				TARGETED_DEVICE_FAMILY = "1,2";
			};
			name = Debug;
		};
		DC12AB031E5D24FC0047BF86 /* Release */ = {
			isa = XCBuildConfiguration;
			buildSettings = {
				ASSETCATALOG_COMPILER_APPICON_NAME = AppIcon;
				DEVELOPMENT_TEAM = 36T8EM67R4;
				INFOPLIST_FILE = Calculator/Info.plist;
				LD_RUNPATH_SEARCH_PATHS = "$(inherited) @executable_path/Frameworks";
				PRODUCT_BUNDLE_IDENTIFIER = com.jinggao.Calculator;
				PRODUCT_NAME = "$(TARGET_NAME)";
				SWIFT_VERSION = 3.0;
				TARGETED_DEVICE_FAMILY = "1,2";
			};
			name = Release;
		};
/* End XCBuildConfiguration section */

/* Begin XCConfigurationList section */
		DC12AAEA1E5D24FB0047BF86 /* Build configuration list for PBXProject "Calculator" */ = {
			isa = XCConfigurationList;
			buildConfigurations = (
				DC12AAFF1E5D24FC0047BF86 /* Debug */,
				DC12AB001E5D24FC0047BF86 /* Release */,
			);
			defaultConfigurationIsVisible = 0;
			defaultConfigurationName = Release;
		};
		DC12AB011E5D24FC0047BF86 /* Build configuration list for PBXNativeTarget "Calculator" */ = {
			isa = XCConfigurationList;
			buildConfigurations = (
				DC12AB021E5D24FC0047BF86 /* Debug */,
				DC12AB031E5D24FC0047BF86 /* Release */,
			);
			defaultConfigurationIsVisible = 0;
			defaultConfigurationName = Release;
		};
/* End XCConfigurationList section */
	};
	rootObject = DC12AAE71E5D24FB0047BF86 /* Project object */;
}
